
Microsoft Visual Studio Solution File, Format Version 12.00
# Visual Studio Version 16
VisualStudioVersion = 16.0.29728.190
MinimumVisualStudioVersion = 10.0.40219.1
Project("{FAE04EC0-301F-11D3-BF4B-00C04F79EFBC}") = "JsonRead", "JsonRead\JsonRead.csproj", "{C9974488-EE87-46E3-8E71-5E6F45862E80}"
EndProject
Global
	GlobalSection(SolutionConfigurationPlatforms) = preSolution
		Debug|Any CPU = Debug|Any CPU
		Release|Any CPU = Release|Any CPU
	EndGlobalSection
	GlobalSection(ProjectConfigurationPlatforms) = postSolution
		{C9974488-EE87-46E3-8E71-5E6F45862E80}.Debug|Any CPU.ActiveCfg = Debug|Any CPU
		{C9974488-EE87-46E3-8E71-5E6F45862E80}.Debug|Any CPU.Build.0 = Debug|Any CPU
		{C9974488-EE87-46E3-8E71-5E6F45862E80}.Release|Any CPU.ActiveCfg = Release|Any CPU
		{C9974488-EE87-46E3-8E71-5E6F45862E80}.Release|Any CPU.Build.0 = Release|Any CPU
	EndGlobalSection
	GlobalSection(SolutionProperties) = preSolution
		HideSolutionNode = FALSE
	EndGlobalSection
	GlobalSection(ExtensibilityGlobals) = postSolution
		SolutionGuid = {54BBBD32-B31C-4114-AA70-8E48244E0E6B}
	EndGlobalSection
EndGlobal
